
Microsoft Visual Studio Solution File, Format Version 12.00
# Visual Studio Version 17
VisualStudioVersion = 17.0.31912.275
MinimumVisualStudioVersion = 10.0.40219.1
Project("{FAE04EC0-301F-11D3-BF4B-00C04F79EFBC}") = "Ex8_4", "Ex8_4.csproj", "{2A293881-E5B7-41CB-89F7-7054D3D6B0C5}"
EndProject
Global
	GlobalSection(SolutionConfigurationPlatforms) = preSolution
		Debug|Any CPU = Debug|Any CPU
		Release|Any CPU = Release|Any CPU
	EndGlobalSection
	GlobalSection(ProjectConfigurationPlatforms) = postSolution
		{2A293881-E5B7-41CB-89F7-7054D3D6B0C5}.Debug|Any CPU.ActiveCfg = Debug|Any CPU
		{2A293881-E5B7-41CB-89F7-7054D3D6B0C5}.Debug|Any CPU.Build.0 = Debug|Any CPU
		{2A293881-E5B7-41CB-89F7-7054D3D6B0C5}.Release|Any CPU.ActiveCfg = Release|Any CPU
		{2A293881-E5B7-41CB-89F7-7054D3D6B0C5}.Release|Any CPU.Build.0 = Release|Any CPU
	EndGlobalSection
	GlobalSection(SolutionProperties) = preSolution
		HideSolutionNode = FALSE
	EndGlobalSection
	GlobalSection(ExtensibilityGlobals) = postSolution
		SolutionGuid = {1B99245F-FA71-4214-99EC-65CD19DDB5E8}
	EndGlobalSection
EndGlobal
